{
  "name": "Portfolio_May2026",
  "lockfileVersion": 3,
  "requires": true,
  "packages": {
    "": {
      "dependencies": {
        "tw-fade": "^0.6.0"
      }
    },
    "node_modules/tw-fade": {
      "version": "0.6.0",
      "resolved": "https://registry.npmjs.org/tw-fade/-/tw-fade-0.6.0.tgz",
      "integrity": "sha512-V6UIfsVngw7EWC+K8H3QDU217SOyqe8L65/sje+3NTpnFWcPixZLEGehP5D8dVkuR4N/4gDlB654PWqV6OHbig==",
      "license": "MIT",
      "peerDependencies": {
        "tailwindcss": ">=4.0.0"
      },
      "peerDependenciesMeta": {
        "tailwindcss": {
          "optional": true
        }
      }
    }
  }
}
